// !$*UTF8*$!
{
	archiveVersion = 1;
	classes = {
	};
	objectVersion = 55;
	objects = {

/* Begin PBXBuildFile section */
		252579A027F66CE900AEA0F9 /* AppDelegate.swift in Sources */ = {isa = PBXBuildFile; fileRef = 2525799F27F66CE900AEA0F9 /* AppDelegate.swift */; };
		252579A227F66CE900AEA0F9 /* SceneDelegate.swift in Sources */ = {isa = PBXBuildFile; fileRef = 252579A127F66CE900AEA0F9 /* SceneDelegate.swift */; };
		252579A427F66CE900AEA0F9 /* ViewController.swift in Sources */ = {isa = PBXBuildFile; fileRef = 252579A327F66CE900AEA0F9 /* ViewController.swift */; };
		252579A727F66CE900AEA0F9 /* Main.storyboard in Resources */ = {isa = PBXBuildFile; fileRef = 252579A527F66CE900AEA0F9 /* Main.storyboard */; };
		252579A927F66CF000AEA0F9 /* Assets.xcassets in Resources */ = {isa = PBXBuildFile; fileRef = 252579A827F66CF000AEA0F9 /* Assets.xcassets */; };
		252579AC27F66CF000AEA0F9 /* LaunchScreen.storyboard in Resources */ = {isa = PBXBuildFile; fileRef = 252579AA27F66CF000AEA0F9 /* LaunchScreen.storyboard */; };
		252579B427F66D0600AEA0F9 /* ResponseModels.swift in Sources */ = {isa = PBXBuildFile; fileRef = 252579B327F66D0600AEA0F9 /* ResponseModels.swift */; };
		252579B827F676CC00AEA0F9 /* ProductsListViewController.swift in Sources */ = {isa = PBXBuildFile; fileRef = 252579B727F676CC00AEA0F9 /* ProductsListViewController.swift */; };
		252579BC27F678F200AEA0F9 /* ProductoCardTableViewCell.swift in Sources */ = {isa = PBXBuildFile; fileRef = 252579BA27F678F200AEA0F9 /* ProductoCardTableViewCell.swift */; };
		252579BD27F678F200AEA0F9 /* ProductoCardTableViewCell.xib in Resources */ = {isa = PBXBuildFile; fileRef = 252579BB27F678F200AEA0F9 /* ProductoCardTableViewCell.xib */; };
/* End PBXBuildFile section */

/* Begin PBXFileReference section */
		2525799C27F66CE900AEA0F9 /* Test.app */ = {isa = PBXFileReference; explicitFileType = wrapper.application; includeInIndex = 0; path = Test.app; sourceTree = BUILT_PRODUCTS_DIR; };
		2525799F27F66CE900AEA0F9 /* AppDelegate.swift */ = {isa = PBXFileReference; lastKnownFileType = sourcecode.swift; path = AppDelegate.swift; sourceTree = "<group>"; };
		252579A127F66CE900AEA0F9 /* SceneDelegate.swift */ = {isa = PBXFileReference; lastKnownFileType = sourcecode.swift; path = SceneDelegate.swift; sourceTree = "<group>"; };
		252579A327F66CE900AEA0F9 /* ViewController.swift */ = {isa = PBXFileReference; lastKnownFileType = sourcecode.swift; path = ViewController.swift; sourceTree = "<group>"; };
		252579A627F66CE900AEA0F9 /* Base */ = {isa = PBXFileReference; lastKnownFileType = file.storyboard; name = Base; path = Base.lproj/Main.storyboard; sourceTree = "<group>"; };
		252579A827F66CF000AEA0F9 /* Assets.xcassets */ = {isa = PBXFileReference; lastKnownFileType = folder.assetcatalog; path = Assets.xcassets; sourceTree = "<group>"; };
		252579AB27F66CF000AEA0F9 /* Base */ = {isa = PBXFileReference; lastKnownFileType = file.storyboard; name = Base; path = Base.lproj/LaunchScreen.storyboard; sourceTree = "<group>"; };
		252579AD27F66CF000AEA0F9 /* Info.plist */ = {isa = PBXFileReference; lastKnownFileType = text.plist.xml; path = Info.plist; sourceTree = "<group>"; };
		252579B327F66D0600AEA0F9 /* ResponseModels.swift */ = {isa = PBXFileReference; lastKnownFileType = sourcecode.swift; path = ResponseModels.swift; sourceTree = "<group>"; };
		252579B727F676CC00AEA0F9 /* ProductsListViewController.swift */ = {isa = PBXFileReference; lastKnownFileType = sourcecode.swift; path = ProductsListViewController.swift; sourceTree = "<group>"; };
		252579BA27F678F200AEA0F9 /* ProductoCardTableViewCell.swift */ = {isa = PBXFileReference; lastKnownFileType = sourcecode.swift; path = ProductoCardTableViewCell.swift; sourceTree = "<group>"; };
		252579BB27F678F200AEA0F9 /* ProductoCardTableViewCell.xib */ = {isa = PBXFileReference; lastKnownFileType = file.xib; path = ProductoCardTableViewCell.xib; sourceTree = "<group>"; };
/* End PBXFileReference section */

/* Begin PBXFrameworksBuildPhase section */
		2525799927F66CE900AEA0F9 /* Frameworks */ = {
			isa = PBXFrameworksBuildPhase;
			buildActionMask = 2147483647;
			files = (
			);
			runOnlyForDeploymentPostprocessing = 0;
		};
/* End PBXFrameworksBuildPhase section */

/* Begin PBXGroup section */
		2525799327F66CE900AEA0F9 = {
			isa = PBXGroup;
			children = (
				2525799E27F66CE900AEA0F9 /* Test */,
				2525799D27F66CE900AEA0F9 /* Products */,
			);
			sourceTree = "<group>";
		};
		2525799D27F66CE900AEA0F9 /* Products */ = {
			isa = PBXGroup;
			children = (
				2525799C27F66CE900AEA0F9 /* Test.app */,
			);
			name = Products;
			sourceTree = "<group>";
		};
		2525799E27F66CE900AEA0F9 /* Test */ = {
			isa = PBXGroup;
			children = (
				252579B927F678A800AEA0F9 /* Cell */,
				252579B627F6769800AEA0F9 /* Controllers */,
				252579B527F66EC700AEA0F9 /* Model */,
				2525799F27F66CE900AEA0F9 /* AppDelegate.swift */,
				252579A127F66CE900AEA0F9 /* SceneDelegate.swift */,
				252579A527F66CE900AEA0F9 /* Main.storyboard */,
				252579A827F66CF000AEA0F9 /* Assets.xcassets */,
				252579AA27F66CF000AEA0F9 /* LaunchScreen.storyboard */,
				252579AD27F66CF000AEA0F9 /* Info.plist */,
			);
			path = Test;
			sourceTree = "<group>";
		};
		252579B527F66EC700AEA0F9 /* Model */ = {
			isa = PBXGroup;
			children = (
				252579B327F66D0600AEA0F9 /* ResponseModels.swift */,
			);
			path = Model;
			sourceTree = "<group>";
		};
		252579B627F6769800AEA0F9 /* Controllers */ = {
			isa = PBXGroup;
			children = (
				252579A327F66CE900AEA0F9 /* ViewController.swift */,
				252579B727F676CC00AEA0F9 /* ProductsListViewController.swift */,
			);
			path = Controllers;
			sourceTree = "<group>";
		};
		252579B927F678A800AEA0F9 /* Cell */ = {
			isa = PBXGroup;
			children = (
				252579BA27F678F200AEA0F9 /* ProductoCardTableViewCell.swift */,
				252579BB27F678F200AEA0F9 /* ProductoCardTableViewCell.xib */,
			);
			path = Cell;
			sourceTree = "<group>";
		};
/* End PBXGroup section */

/* Begin PBXNativeTarget section */
		2525799B27F66CE900AEA0F9 /* Test */ = {
			isa = PBXNativeTarget;
			buildConfigurationList = 252579B027F66CF000AEA0F9 /* Build configuration list for PBXNativeTarget "Test" */;
			buildPhases = (
				2525799827F66CE900AEA0F9 /* Sources */,
				2525799927F66CE900AEA0F9 /* Frameworks */,
				2525799A27F66CE900AEA0F9 /* Resources */,
			);
			buildRules = (
			);
			dependencies = (
			);
			name = Test;
			productName = Test;
			productReference = 2525799C27F66CE900AEA0F9 /* Test.app */;
			productType = "com.apple.product-type.application";
		};
/* End PBXNativeTarget section */

/* Begin PBXProject section */
		2525799427F66CE900AEA0F9 /* Project object */ = {
			isa = PBXProject;
			attributes = {
				BuildIndependentTargetsInParallel = 1;
				LastSwiftUpdateCheck = 1330;
				LastUpgradeCheck = 1330;
				TargetAttributes = {
					2525799B27F66CE900AEA0F9 = {
						CreatedOnToolsVersion = 13.3;
					};
				};
			};
			buildConfigurationList = 2525799727F66CE900AEA0F9 /* Build configuration list for PBXProject "Test" */;
			compatibilityVersion = "Xcode 13.0";
			developmentRegion = en;
			hasScannedForEncodings = 0;
			knownRegions = (
				en,
				Base,
			);
			mainGroup = 2525799327F66CE900AEA0F9;
			productRefGroup = 2525799D27F66CE900AEA0F9 /* Products */;
			projectDirPath = "";
			projectRoot = "";
			targets = (
				2525799B27F66CE900AEA0F9 /* Test */,
			);
		};
/* End PBXProject section */

/* Begin PBXResourcesBuildPhase section */
		2525799A27F66CE900AEA0F9 /* Resources */ = {
			isa = PBXResourcesBuildPhase;
			buildActionMask = 2147483647;
			files = (
				252579AC27F66CF000AEA0F9 /* LaunchScreen.storyboard in Resources */,
				252579A927F66CF000AEA0F9 /* Assets.xcassets in Resources */,
				252579A727F66CE900AEA0F9 /* Main.storyboard in Resources */,
				252579BD27F678F200AEA0F9 /* ProductoCardTableViewCell.xib in Resources */,
			);
			runOnlyForDeploymentPostprocessing = 0;
		};
/* End PBXResourcesBuildPhase section */

/* Begin PBXSourcesBuildPhase section */
		2525799827F66CE900AEA0F9 /* Sources */ = {
			isa = PBXSourcesBuildPhase;
			buildActionMask = 2147483647;
			files = (
				252579A427F66CE900AEA0F9 /* ViewController.swift in Sources */,
				252579B827F676CC00AEA0F9 /* ProductsListViewController.swift in Sources */,
				252579A027F66CE900AEA0F9 /* AppDelegate.swift in Sources */,
				252579A227F66CE900AEA0F9 /* SceneDelegate.swift in Sources */,
				252579B427F66D0600AEA0F9 /* ResponseModels.swift in Sources */,
				252579BC27F678F200AEA0F9 /* ProductoCardTableViewCell.swift in Sources */,
			);
			runOnlyForDeploymentPostprocessing = 0;
		};
/* End PBXSourcesBuildPhase section */

/* Begin PBXVariantGroup section */
		252579A527F66CE900AEA0F9 /* Main.storyboard */ = {
			isa = PBXVariantGroup;
			children = (
				252579A627F66CE900AEA0F9 /* Base */,
			);
			name = Main.storyboard;
			sourceTree = "<group>";
		};
		252579AA27F66CF000AEA0F9 /* LaunchScreen.storyboard */ = {
			isa = PBXVariantGroup;
			children = (
				252579AB27F66CF000AEA0F9 /* Base */,
			);
			name = LaunchScreen.storyboard;
			sourceTree = "<group>";
		};
/* End PBXVariantGroup section */

/* Begin XCBuildConfiguration section */
		252579AE27F66CF000AEA0F9 /* Debug */ = {
			isa = XCBuildConfiguration;
			buildSettings = {
				ALWAYS_SEARCH_USER_PATHS = NO;
				CLANG_ANALYZER_NONNULL = YES;
				CLANG_ANALYZER_NUMBER_OBJECT_CONVERSION = YES_AGGRESSIVE;
				CLANG_CXX_LANGUAGE_STANDARD = "gnu++17";
				CLANG_ENABLE_MODULES = YES;
				CLANG_ENABLE_OBJC_ARC = YES;
				CLANG_ENABLE_OBJC_WEAK = YES;
				CLANG_WARN_BLOCK_CAPTURE_AUTORELEASING = YES;
				CLANG_WARN_BOOL_CONVERSION = YES;
				CLANG_WARN_COMMA = YES;
				CLANG_WARN_CONSTANT_CONVERSION = YES;
				CLANG_WARN_DEPRECATED_OBJC_IMPLEMENTATIONS = YES;
				CLANG_WARN_DIRECT_OBJC_ISA_USAGE = YES_ERROR;
				CLANG_WARN_DOCUMENTATION_COMMENTS = YES;
				CLANG_WARN_EMPTY_BODY = YES;
				CLANG_WARN_ENUM_CONVERSION = YES;
				CLANG_WARN_INFINITE_RECURSION = YES;
				CLANG_WARN_INT_CONVERSION = YES;
				CLANG_WARN_NON_LITERAL_NULL_CONVERSION = YES;
				CLANG_WARN_OBJC_IMPLICIT_RETAIN_SELF = YES;
				CLANG_WARN_OBJC_LITERAL_CONVERSION = YES;
				CLANG_WARN_OBJC_ROOT_CLASS = YES_ERROR;
				CLANG_WARN_QUOTED_INCLUDE_IN_FRAMEWORK_HEADER = YES;
				CLANG_WARN_RANGE_LOOP_ANALYSIS = YES;
				CLANG_WARN_STRICT_PROTOTYPES = YES;
				CLANG_WARN_SUSPICIOUS_MOVE = YES;
				CLANG_WARN_UNGUARDED_AVAILABILITY = YES_AGGRESSIVE;
				CLANG_WARN_UNREACHABLE_CODE = YES;
				CLANG_WARN__DUPLICATE_METHOD_MATCH = YES;
				COPY_PHASE_STRIP = NO;
				DEBUG_INFORMATION_FORMAT = dwarf;
				ENABLE_STRICT_OBJC_MSGSEND = YES;
				ENABLE_TESTABILITY = YES;
				GCC_C_LANGUAGE_STANDARD = gnu11;
				GCC_DYNAMIC_NO_PIC = NO;
				GCC_NO_COMMON_BLOCKS = YES;
				GCC_OPTIMIZATION_LEVEL = 0;
				GCC_PREPROCESSOR_DEFINITIONS = (
					"DEBUG=1",
					"$(inherited)",
				);
				GCC_WARN_64_TO_32_BIT_CONVERSION = YES;
				GCC_WARN_ABOUT_RETURN_TYPE = YES_ERROR;
				GCC_WARN_UNDECLARED_SELECTOR = YES;
				GCC_WARN_UNINITIALIZED_AUTOS = YES_AGGRESSIVE;
				GCC_WARN_UNUSED_FUNCTION = YES;
				GCC_WARN_UNUSED_VARIABLE = YES;
				IPHONEOS_DEPLOYMENT_TARGET = 15.4;
				MTL_ENABLE_DEBUG_INFO = INCLUDE_SOURCE;
				MTL_FAST_MATH = YES;
				ONLY_ACTIVE_ARCH = YES;
				SDKROOT = iphoneos;
				SWIFT_ACTIVE_COMPILATION_CONDITIONS = DEBUG;
				SWIFT_OPTIMIZATION_LEVEL = "-Onone";
			};
			name = Debug;
		};
		252579AF27F66CF000AEA0F9 /* Release */ = {
			isa = XCBuildConfiguration;
			buildSettings = {
				ALWAYS_SEARCH_USER_PATHS = NO;
				CLANG_ANALYZER_NONNULL = YES;
				CLANG_ANALYZER_NUMBER_OBJECT_CONVERSION = YES_AGGRESSIVE;
				CLANG_CXX_LANGUAGE_STANDARD = "gnu++17";
				CLANG_ENABLE_MODULES = YES;
				CLANG_ENABLE_OBJC_ARC = YES;
				CLANG_ENABLE_OBJC_WEAK = YES;
				CLANG_WARN_BLOCK_CAPTURE_AUTORELEASING = YES;
				CLANG_WARN_BOOL_CONVERSION = YES;
				CLANG_WARN_COMMA = YES;
				CLANG_WARN_CONSTANT_CONVERSION = YES;
				CLANG_WARN_DEPRECATED_OBJC_IMPLEMENTATIONS = YES;
				CLANG_WARN_DIRECT_OBJC_ISA_USAGE = YES_ERROR;
				CLANG_WARN_DOCUMENTATION_COMMENTS = YES;
				CLANG_WARN_EMPTY_BODY = YES;
				CLANG_WARN_ENUM_CONVERSION = YES;
				CLANG_WARN_INFINITE_RECURSION = YES;
				CLANG_WARN_INT_CONVERSION = YES;
				CLANG_WARN_NON_LITERAL_NULL_CONVERSION = YES;
				CLANG_WARN_OBJC_IMPLICIT_RETAIN_SELF = YES;
				CLANG_WARN_OBJC_LITERAL_CONVERSION = YES;
				CLANG_WARN_OBJC_ROOT_CLASS = YES_ERROR;
				CLANG_WARN_QUOTED_INCLUDE_IN_FRAMEWORK_HEADER = YES;
				CLANG_WARN_RANGE_LOOP_ANALYSIS = YES;
				CLANG_WARN_STRICT_PROTOTYPES = YES;
				CLANG_WARN_SUSPICIOUS_MOVE = YES;
				CLANG_WARN_UNGUARDED_AVAILABILITY = YES_AGGRESSIVE;
				CLANG_WARN_UNREACHABLE_CODE = YES;
				CLANG_WARN__DUPLICATE_METHOD_MATCH = YES;
				COPY_PHASE_STRIP = NO;
				DEBUG_INFORMATION_FORMAT = "dwarf-with-dsym";
				ENABLE_NS_ASSERTIONS = NO;
				ENABLE_STRICT_OBJC_MSGSEND = YES;
				GCC_C_LANGUAGE_STANDARD = gnu11;
				GCC_NO_COMMON_BLOCKS = YES;
				GCC_WARN_64_TO_32_BIT_CONVERSION = YES;
				GCC_WARN_ABOUT_RETURN_TYPE = YES_ERROR;
				GCC_WARN_UNDECLARED_SELECTOR = YES;
				GCC_WARN_UNINITIALIZED_AUTOS = YES_AGGRESSIVE;
				GCC_WARN_UNUSED_FUNCTION = YES;
				GCC_WARN_UNUSED_VARIABLE = YES;
				IPHONEOS_DEPLOYMENT_TARGET = 15.4;
				MTL_ENABLE_DEBUG_INFO = NO;
				MTL_FAST_MATH = YES;
				SDKROOT = iphoneos;
				SWIFT_COMPILATION_MODE = wholemodule;
				SWIFT_OPTIMIZATION_LEVEL = "-O";
				VALIDATE_PRODUCT = YES;
			};
			name = Release;
		};
		252579B127F66CF000AEA0F9 /* Debug */ = {
			isa = XCBuildConfiguration;
			buildSettings = {
				ASSETCATALOG_COMPILER_APPICON_NAME = AppIcon;
				ASSETCATALOG_COMPILER_GLOBAL_ACCENT_COLOR_NAME = AccentColor;
				CODE_SIGN_STYLE = Automatic;
				CURRENT_PROJECT_VERSION = 1;
				DEVELOPMENT_TEAM = "";
				GENERATE_INFOPLIST_FILE = YES;
				INFOPLIST_FILE = Test/Info.plist;
				INFOPLIST_KEY_CFBundleDisplayName = Test;
				INFOPLIST_KEY_UIApplicationSupportsIndirectInputEvents = YES;
				INFOPLIST_KEY_UILaunchStoryboardName = LaunchScreen;
				INFOPLIST_KEY_UIMainStoryboardFile = Main;
				INFOPLIST_KEY_UISupportedInterfaceOrientations_iPad = "UIInterfaceOrientationPortrait UIInterfaceOrientationPortraitUpsideDown UIInterfaceOrientationLandscapeLeft UIInterfaceOrientationLandscapeRight";
				INFOPLIST_KEY_UISupportedInterfaceOrientations_iPhone = "UIInterfaceOrientationPortrait UIInterfaceOrientationLandscapeLeft UIInterfaceOrientationLandscapeRight";
				LD_RUNPATH_SEARCH_PATHS = (
					"$(inherited)",
					"@executable_path/Frameworks",
				);
				MARKETING_VERSION = 1.0;
				PRODUCT_BUNDLE_IDENTIFIER = com.AlanPerez.Test;
				PRODUCT_NAME = "$(TARGET_NAME)";
				SWIFT_EMIT_LOC_STRINGS = YES;
				SWIFT_VERSION = 5.0;
				TARGETED_DEVICE_FAMILY = "1,2";
			};
			name = Debug;
		};
		252579B227F66CF000AEA0F9 /* Release */ = {
			isa = XCBuildConfiguration;
			buildSettings = {
				ASSETCATALOG_COMPILER_APPICON_NAME = AppIcon;
				ASSETCATALOG_COMPILER_GLOBAL_ACCENT_COLOR_NAME = AccentColor;
				CODE_SIGN_STYLE = Automatic;
				CURRENT_PROJECT_VERSION = 1;
				DEVELOPMENT_TEAM = "";
				GENERATE_INFOPLIST_FILE = YES;
				INFOPLIST_FILE = Test/Info.plist;
				INFOPLIST_KEY_CFBundleDisplayName = Test;
				INFOPLIST_KEY_UIApplicationSupportsIndirectInputEvents = YES;
				INFOPLIST_KEY_UILaunchStoryboardName = LaunchScreen;
				INFOPLIST_KEY_UIMainStoryboardFile = Main;
				INFOPLIST_KEY_UISupportedInterfaceOrientations_iPad = "UIInterfaceOrientationPortrait UIInterfaceOrientationPortraitUpsideDown UIInterfaceOrientationLandscapeLeft UIInterfaceOrientationLandscapeRight";
				INFOPLIST_KEY_UISupportedInterfaceOrientations_iPhone = "UIInterfaceOrientationPortrait UIInterfaceOrientationLandscapeLeft UIInterfaceOrientationLandscapeRight";
				LD_RUNPATH_SEARCH_PATHS = (
					"$(inherited)",
					"@executable_path/Frameworks",
				);
				MARKETING_VERSION = 1.0;
				PRODUCT_BUNDLE_IDENTIFIER = com.AlanPerez.Test;
				PRODUCT_NAME = "$(TARGET_NAME)";
				SWIFT_EMIT_LOC_STRINGS = YES;
				SWIFT_VERSION = 5.0;
				TARGETED_DEVICE_FAMILY = "1,2";
			};
			name = Release;
		};
/* End XCBuildConfiguration section */

/* Begin XCConfigurationList section */
		2525799727F66CE900AEA0F9 /* Build configuration list for PBXProject "Test" */ = {
			isa = XCConfigurationList;
			buildConfigurations = (
				252579AE27F66CF000AEA0F9 /* Debug */,
				252579AF27F66CF000AEA0F9 /* Release */,
			);
			defaultConfigurationIsVisible = 0;
			defaultConfigurationName = Release;
		};
		252579B027F66CF000AEA0F9 /* Build configuration list for PBXNativeTarget "Test" */ = {
			isa = XCConfigurationList;
			buildConfigurations = (
				252579B127F66CF000AEA0F9 /* Debug */,
				252579B227F66CF000AEA0F9 /* Release */,
			);
			defaultConfigurationIsVisible = 0;
			defaultConfigurationName = Release;
		};
/* End XCConfigurationList section */
	};
	rootObject = 2525799427F66CE900AEA0F9 /* Project object */;
}
